# THIS IS AN AUTOGENERATED FILE. DO NOT EDIT THIS FILE DIRECTLY.
# yarn lockfile v1


flow-bin@^0.122.0:
  version "0.122.0"
  resolved "https://registry.yarnpkg.com/flow-bin/-/flow-bin-0.122.0.tgz#c723a2b33b1a70bd10204704ae1dc776d5d89d79"
  integrity sha512-my8N5jgl/A+UVby9E7NDppHdhLgRbWgKbmFZSx2MSYMRh3d9YGnM2MM+wexpUpl0ftY1IM6ZcUwaAhrypLyvlA==

flow-parser@^0.122.0:
  version "0.122.0"
  resolved "https://registry.yarnpkg.com/flow-parser/-/flow-parser-0.122.0.tgz#f8258ba4200b2bec66c18ce00a323e3330e42b1a"
  integrity sha512-rb4pLIb7JAWn4dnO+fB9YLTUOM0SvY1ZN2yeu2NOyL7f2JeXBp9Nevqf+h4OluQcdI+9CnGa/if/HUy1YOX0dA==

flow-remove-types@^2.122.0:
  version "2.122.0"
  resolved "https://registry.yarnpkg.com/flow-remove-types/-/flow-remove-types-2.122.0.tgz#abf2a51c8b80a09010eb1ac0c7d0646abeb208d1"
  integrity sha512-48cyUF9nyqwlQGRnncNWJNFSIN+sMpeHhqtATwnUZE3bDG8QXH2YS8mL68Xzxs9BVRzcUI+r9ib7d9E/rqUpuQ==
  dependencies:
    flow-parser "^0.122.0"
    pirates "^3.0.2"
    vlq "^0.2.1"

node-modules-regexp@^1.0.0:
  version "1.0.0"
  resolved "https://registry.yarnpkg.com/node-modules-regexp/-/node-modules-regexp-1.0.0.tgz#8d9dbe28964a4ac5712e9131642107c71e90ec40"
  integrity sha1-jZ2+KJZKSsVxLpExZCEHxx6Q7EA=

pirates@^3.0.2:
  version "3.0.2"
  resolved "https://registry.yarnpkg.com/pirates/-/pirates-3.0.2.tgz#7e6f85413fd9161ab4e12b539b06010d85954bb9"
  integrity sha512-c5CgUJq6H2k6MJz72Ak1F5sN9n9wlSlJyEnwvpm9/y3WB4E3pHBDT2c6PEiS1vyJvq2bUxUAIu0EGf8Cx4Ic7Q==
  dependencies:
    node-modules-regexp "^1.0.0"

vlq@^0.2.1:
  version "0.2.3"
  resolved "https://registry.yarnpkg.com/vlq/-/vlq-0.2.3.tgz#8f3e4328cf63b1540c0d67e1b2778386f8975b26"
  integrity sha512-DRibZL6DsNhIgYQ+wNdWDL2SL3bKPlVrRiBqV5yuMm++op8W4kGFtaQfCs4KEJn0wBZcHVHJ3eoywX8983k1ow==
